// !$*UTF8*$!
{
	archiveVersion = 1;
	classes = {
	};
	objectVersion = 56;
	objects = {

/* Begin PBXBuildFile section */
		A10000000000000000000001 /* MeonjeoApp.swift in Sources */ = {isa = PBXBuildFile; fileRef = A20000000000000000000001 /* MeonjeoApp.swift */; };
		A10000000000000000000002 /* ContentView.swift in Sources */ = {isa = PBXBuildFile; fileRef = A20000000000000000000002 /* ContentView.swift */; };
		A10000000000000000000003 /* GameWebView.swift in Sources */ = {isa = PBXBuildFile; fileRef = A20000000000000000000003 /* GameWebView.swift */; };
		A10000000000000000000004 /* NativeBridge.swift in Sources */ = {isa = PBXBuildFile; fileRef = A20000000000000000000004 /* NativeBridge.swift */; };
		A10000000000000000000005 /* Assets.xcassets in Resources */ = {isa = PBXBuildFile; fileRef = A20000000000000000000005 /* Assets.xcassets */; };
		B10000000000000000000001 /* AdCoordinator.swift in Sources */ = {isa = PBXBuildFile; fileRef = B20000000000000000000001 /* AdCoordinator.swift */; };
		B10000000000000000000002 /* AdPolicy.swift in Sources */ = {isa = PBXBuildFile; fileRef = B20000000000000000000002 /* AdPolicy.swift */; };
		B10000000000000000000003 /* GoogleMobileAds in Frameworks */ = {isa = PBXBuildFile; productRef = B80000000000000000000001 /* GoogleMobileAds */; };
		B10000000000000000000004 /* GoogleUserMessagingPlatform in Frameworks */ = {isa = PBXBuildFile; productRef = B80000000000000000000002 /* GoogleUserMessagingPlatform */; };
		B10000000000000000000005 /* PrivacyInfo.xcprivacy in Resources */ = {isa = PBXBuildFile; fileRef = B20000000000000000000005 /* PrivacyInfo.xcprivacy */; };
/* End PBXBuildFile section */

/* Begin PBXFileReference section */
		A20000000000000000000001 /* MeonjeoApp.swift */ = {isa = PBXFileReference; lastKnownFileType = sourcecode.swift; path = MeonjeoApp.swift; sourceTree = "<group>"; };
		A20000000000000000000002 /* ContentView.swift */ = {isa = PBXFileReference; lastKnownFileType = sourcecode.swift; path = ContentView.swift; sourceTree = "<group>"; };
		A20000000000000000000003 /* GameWebView.swift */ = {isa = PBXFileReference; lastKnownFileType = sourcecode.swift; path = GameWebView.swift; sourceTree = "<group>"; };
		A20000000000000000000004 /* NativeBridge.swift */ = {isa = PBXFileReference; lastKnownFileType = sourcecode.swift; path = NativeBridge.swift; sourceTree = "<group>"; };
		A20000000000000000000005 /* Assets.xcassets */ = {isa = PBXFileReference; lastKnownFileType = folder.assetcatalog; path = Assets.xcassets; sourceTree = "<group>"; };
		A20000000000000000000006 /* Info.plist */ = {isa = PBXFileReference; lastKnownFileType = text.plist.xml; path = Info.plist; sourceTree = "<group>"; };
		A20000000000000000000007 /* Meonjeo.entitlements */ = {isa = PBXFileReference; lastKnownFileType = text.plist.entitlements; path = Meonjeo.entitlements; sourceTree = "<group>"; };
		A20000000000000000000008 /* Meonjeo.app */ = {isa = PBXFileReference; explicitFileType = wrapper.application; includeInIndex = 0; path = Meonjeo.app; sourceTree = BUILT_PRODUCTS_DIR; };
		B20000000000000000000001 /* AdCoordinator.swift */ = {isa = PBXFileReference; lastKnownFileType = sourcecode.swift; path = AdCoordinator.swift; sourceTree = "<group>"; };
		B20000000000000000000002 /* AdPolicy.swift */ = {isa = PBXFileReference; lastKnownFileType = sourcecode.swift; path = AdPolicy/Sources/MonjoAdPolicy/AdPolicy.swift; sourceTree = SOURCE_ROOT; };
		B20000000000000000000003 /* Ads-Debug.xcconfig */ = {isa = PBXFileReference; lastKnownFileType = text.xcconfig; path = Configuration/Ads-Debug.xcconfig; sourceTree = SOURCE_ROOT; };
		B20000000000000000000004 /* Ads-Release.xcconfig */ = {isa = PBXFileReference; lastKnownFileType = text.xcconfig; path = Configuration/Ads-Release.xcconfig; sourceTree = SOURCE_ROOT; };
		B20000000000000000000005 /* PrivacyInfo.xcprivacy */ = {isa = PBXFileReference; lastKnownFileType = text.xml; path = PrivacyInfo.xcprivacy; sourceTree = "<group>"; };
/* End PBXFileReference section */

/* Begin PBXFrameworksBuildPhase section */
		A30000000000000000000001 /* Frameworks */ = {
			isa = PBXFrameworksBuildPhase;
			buildActionMask = 2147483647;
			files = (
				B10000000000000000000003 /* GoogleMobileAds in Frameworks */,
				B10000000000000000000004 /* GoogleUserMessagingPlatform in Frameworks */,
			);
			runOnlyForDeploymentPostprocessing = 0;
		};
/* End PBXFrameworksBuildPhase section */

/* Begin PBXGroup section */
		A40000000000000000000001 = {
			isa = PBXGroup;
			children = (
				A40000000000000000000002 /* Meonjeo */,
				A40000000000000000000003 /* Products */,
			);
			sourceTree = "<group>";
		};
		A40000000000000000000002 /* Meonjeo */ = {
			isa = PBXGroup;
			children = (
				A20000000000000000000001 /* MeonjeoApp.swift */,
				A20000000000000000000002 /* ContentView.swift */,
				A20000000000000000000003 /* GameWebView.swift */,
				A20000000000000000000004 /* NativeBridge.swift */,
				B20000000000000000000001 /* AdCoordinator.swift */,
				B20000000000000000000002 /* AdPolicy.swift */,
				B20000000000000000000003 /* Ads-Debug.xcconfig */,
				B20000000000000000000004 /* Ads-Release.xcconfig */,
				A20000000000000000000005 /* Assets.xcassets */,
				A20000000000000000000006 /* Info.plist */,
				B20000000000000000000005 /* PrivacyInfo.xcprivacy */,
				A20000000000000000000007 /* Meonjeo.entitlements */,
			);
			path = Meonjeo;
			sourceTree = "<group>";
		};
		A40000000000000000000003 /* Products */ = {
			isa = PBXGroup;
			children = (
				A20000000000000000000008 /* Meonjeo.app */,
			);
			name = Products;
			sourceTree = "<group>";
		};
/* End PBXGroup section */

/* Begin PBXNativeTarget section */
		A50000000000000000000001 /* Meonjeo */ = {
			isa = PBXNativeTarget;
			buildConfigurationList = A90000000000000000000002 /* Build configuration list for PBXNativeTarget "Meonjeo" */;
			buildPhases = (
				B60000000000000000000001 /* Validate AdMob configuration */,
				A60000000000000000000001 /* Sources */,
				A30000000000000000000001 /* Frameworks */,
				A60000000000000000000002 /* Resources */,
			);
			buildRules = (
			);
			dependencies = (
			);
			name = Meonjeo;
			packageProductDependencies = (
				B80000000000000000000001 /* GoogleMobileAds */,
				B80000000000000000000002 /* GoogleUserMessagingPlatform */,
			);
			productName = Meonjeo;
			productReference = A20000000000000000000008 /* Meonjeo.app */;
			productType = "com.apple.product-type.application";
		};
/* End PBXNativeTarget section */

/* Begin PBXProject section */
		A70000000000000000000001 /* Project object */ = {
			isa = PBXProject;
			attributes = {
				BuildIndependentTargetsInParallel = 1;
				LastSwiftUpdateCheck = 1600;
				LastUpgradeCheck = 1600;
				TargetAttributes = {
					A50000000000000000000001 = {
						CreatedOnToolsVersion = 16.0;
					};
				};
			};
			buildConfigurationList = A90000000000000000000001 /* Build configuration list for PBXProject "Meonjeo" */;
			compatibilityVersion = "Xcode 14.0";
			developmentRegion = ko;
			hasScannedForEncodings = 0;
			knownRegions = (
				Base,
				en,
				ko,
			);
			mainGroup = A40000000000000000000001;
			productRefGroup = A40000000000000000000003 /* Products */;
			packageReferences = (
				B70000000000000000000001 /* GoogleMobileAds */,
				B70000000000000000000002 /* GoogleUserMessagingPlatform */,
			);
			projectDirPath = "";
			projectRoot = "";
			targets = (
				A50000000000000000000001 /* Meonjeo */,
			);
		};
/* End PBXProject section */

/* Begin PBXResourcesBuildPhase section */
		A60000000000000000000002 /* Resources */ = {
			isa = PBXResourcesBuildPhase;
			buildActionMask = 2147483647;
			files = (
				A10000000000000000000005 /* Assets.xcassets in Resources */,
				B10000000000000000000005 /* PrivacyInfo.xcprivacy in Resources */,
			);
			runOnlyForDeploymentPostprocessing = 0;
		};
/* End PBXResourcesBuildPhase section */

/* Begin PBXShellScriptBuildPhase section */
		B60000000000000000000001 /* Validate AdMob configuration */ = {
			isa = PBXShellScriptBuildPhase;
			alwaysOutOfDate = 1;
			buildActionMask = 2147483647;
			files = ();
			inputPaths = ("$(SRCROOT)/Scripts/validate-admob-config.sh");
			name = "Validate AdMob configuration";
			outputPaths = ();
			runOnlyForDeploymentPostprocessing = 0;
			shellPath = /bin/bash;
			shellScript = "bash \"${SRCROOT}/Scripts/validate-admob-config.sh\"";
		};
/* End PBXShellScriptBuildPhase section */

/* Begin PBXSourcesBuildPhase section */
		A60000000000000000000001 /* Sources */ = {
			isa = PBXSourcesBuildPhase;
			buildActionMask = 2147483647;
			files = (
				A10000000000000000000001 /* MeonjeoApp.swift in Sources */,
				A10000000000000000000002 /* ContentView.swift in Sources */,
				A10000000000000000000003 /* GameWebView.swift in Sources */,
				A10000000000000000000004 /* NativeBridge.swift in Sources */,
				B10000000000000000000001 /* AdCoordinator.swift in Sources */,
				B10000000000000000000002 /* AdPolicy.swift in Sources */,
			);
			runOnlyForDeploymentPostprocessing = 0;
		};
/* End PBXSourcesBuildPhase section */

/* Begin XCBuildConfiguration section */
		A80000000000000000000001 /* Debug */ = {
			isa = XCBuildConfiguration;
			buildSettings = {
				ALWAYS_SEARCH_USER_PATHS = NO;
				CLANG_ENABLE_MODULES = YES;
				CLANG_ENABLE_OBJC_ARC = YES;
				COPY_PHASE_STRIP = NO;
				DEBUG_INFORMATION_FORMAT = dwarf;
				ENABLE_TESTABILITY = YES;
				GCC_C_LANGUAGE_STANDARD = gnu17;
				GCC_OPTIMIZATION_LEVEL = 0;
				ONLY_ACTIVE_ARCH = YES;
				SDKROOT = iphoneos;
				SWIFT_ACTIVE_COMPILATION_CONDITIONS = DEBUG;
				SWIFT_OPTIMIZATION_LEVEL = "-Onone";
			};
			name = Debug;
		};
		A80000000000000000000002 /* Release */ = {
			isa = XCBuildConfiguration;
			buildSettings = {
				ALWAYS_SEARCH_USER_PATHS = NO;
				CLANG_ENABLE_MODULES = YES;
				CLANG_ENABLE_OBJC_ARC = YES;
				COPY_PHASE_STRIP = YES;
				DEBUG_INFORMATION_FORMAT = "dwarf-with-dsym";
				ENABLE_NS_ASSERTIONS = NO;
				GCC_C_LANGUAGE_STANDARD = gnu17;
				SDKROOT = iphoneos;
				SWIFT_COMPILATION_MODE = wholemodule;
				SWIFT_OPTIMIZATION_LEVEL = "-O";
				VALIDATE_PRODUCT = YES;
			};
			name = Release;
		};
		A80000000000000000000003 /* Debug */ = {
			isa = XCBuildConfiguration;
			baseConfigurationReference = B20000000000000000000003 /* Ads-Debug.xcconfig */;
			buildSettings = {
				ASSETCATALOG_COMPILER_ACCENT_COLOR_NAME = AccentColor;
				ASSETCATALOG_COMPILER_APPICON_NAME = AppIcon;
				CODE_SIGN_ENTITLEMENTS = Meonjeo/Meonjeo.entitlements;
				CODE_SIGN_STYLE = Automatic;
				CURRENT_PROJECT_VERSION = 3;
				GENERATE_INFOPLIST_FILE = NO;
				INFOPLIST_FILE = Meonjeo/Info.plist;
				IPHONEOS_DEPLOYMENT_TARGET = 16.0;
				MARKETING_VERSION = 1.0.0;
				PRODUCT_BUNDLE_IDENTIFIER = com.yorimichiworks.meonjeo;
				PRODUCT_NAME = "$(TARGET_NAME)";
				SUPPORTED_PLATFORMS = "iphoneos iphonesimulator";
				SUPPORTS_MACCATALYST = NO;
				SWIFT_EMIT_LOC_STRINGS = YES;
				SWIFT_VERSION = 5.0;
				TARGETED_DEVICE_FAMILY = 1;
			};
			name = Debug;
		};
		A80000000000000000000004 /* Release */ = {
			isa = XCBuildConfiguration;
			baseConfigurationReference = B20000000000000000000004 /* Ads-Release.xcconfig */;
			buildSettings = {
				ASSETCATALOG_COMPILER_ACCENT_COLOR_NAME = AccentColor;
				ASSETCATALOG_COMPILER_APPICON_NAME = AppIcon;
				CODE_SIGN_ENTITLEMENTS = Meonjeo/Meonjeo.entitlements;
				CODE_SIGN_STYLE = Automatic;
				CURRENT_PROJECT_VERSION = 3;
				GENERATE_INFOPLIST_FILE = NO;
				INFOPLIST_FILE = Meonjeo/Info.plist;
				IPHONEOS_DEPLOYMENT_TARGET = 16.0;
				MARKETING_VERSION = 1.0.0;
				PRODUCT_BUNDLE_IDENTIFIER = com.yorimichiworks.meonjeo;
				PRODUCT_NAME = "$(TARGET_NAME)";
				SUPPORTED_PLATFORMS = "iphoneos iphonesimulator";
				SUPPORTS_MACCATALYST = NO;
				SWIFT_EMIT_LOC_STRINGS = YES;
				SWIFT_VERSION = 5.0;
				TARGETED_DEVICE_FAMILY = 1;
			};
			name = Release;
		};
/* End XCBuildConfiguration section */

/* Begin XCRemoteSwiftPackageReference section */
		B70000000000000000000001 /* GoogleMobileAds */ = {
			isa = XCRemoteSwiftPackageReference;
			repositoryURL = "https://github.com/googleads/swift-package-manager-google-mobile-ads.git";
			requirement = {kind = exactVersion; version = 13.11.0;};
		};
		B70000000000000000000002 /* GoogleUserMessagingPlatform */ = {
			isa = XCRemoteSwiftPackageReference;
			repositoryURL = "https://github.com/googleads/swift-package-manager-google-user-messaging-platform.git";
			requirement = {kind = exactVersion; version = 3.1.0;};
		};
/* End XCRemoteSwiftPackageReference section */

/* Begin XCSwiftPackageProductDependency section */
		B80000000000000000000001 /* GoogleMobileAds */ = {isa = XCSwiftPackageProductDependency; package = B70000000000000000000001; productName = GoogleMobileAds;};
		B80000000000000000000002 /* GoogleUserMessagingPlatform */ = {isa = XCSwiftPackageProductDependency; package = B70000000000000000000002; productName = GoogleUserMessagingPlatform;};
/* End XCSwiftPackageProductDependency section */

/* Begin XCConfigurationList section */
		A90000000000000000000001 /* Build configuration list for PBXProject "Meonjeo" */ = {
			isa = XCConfigurationList;
			buildConfigurations = (
				A80000000000000000000001 /* Debug */,
				A80000000000000000000002 /* Release */,
			);
			defaultConfigurationIsVisible = 0;
			defaultConfigurationName = Release;
		};
		A90000000000000000000002 /* Build configuration list for PBXNativeTarget "Meonjeo" */ = {
			isa = XCConfigurationList;
			buildConfigurations = (
				A80000000000000000000003 /* Debug */,
				A80000000000000000000004 /* Release */,
			);
			defaultConfigurationIsVisible = 0;
			defaultConfigurationName = Release;
		};
/* End XCConfigurationList section */
	};
	rootObject = A70000000000000000000001 /* Project object */;
}
